
Microsoft Visual Studio Solution File, Format Version 12.00
# Visual Studio 14
VisualStudioVersion = 14.0.25420.1
MinimumVisualStudioVersion = 10.0.40219.1
Project("{FAE04EC0-301F-11D3-BF4B-00C04F79EFBC}") = "Dot.Net.Framework.Prototype", "Dot.Net.Framework.Prototype\Dot.Net.Framework.Prototype.csproj", "{222EDCD1-A39B-4E53-B0AE-861B0C11C0F6}"
EndProject
Project("{FAE04EC0-301F-11D3-BF4B-00C04F79EFBC}") = "Dot.Net.Framework.Prototype.Bll", "Dot.Net.Framework.Prototype.Bll\Dot.Net.Framework.Prototype.Bll.csproj", "{8A41EDBD-951B-4869-854F-80793AD6C5EF}"
EndProject
Project("{FAE04EC0-301F-11D3-BF4B-00C04F79EFBC}") = "Dot.Net.Framework.Prototype.Data", "Dot.Net.Framework.Prototype.Data\Dot.Net.Framework.Prototype.Data.csproj", "{C1305030-67A1-4066-B2A7-08793600EA36}"
EndProject
Project("{FAE04EC0-301F-11D3-BF4B-00C04F79EFBC}") = "Dot.Net.Framework.Prototype.Helper", "Dot.Net.Framework.Prototype.Helper\Dot.Net.Framework.Prototype.Helper.csproj", "{28DCEAE4-EBC7-495B-93A3-7C1EB67D998B}"
EndProject
Global
	GlobalSection(SolutionConfigurationPlatforms) = preSolution
		Debug|Any CPU = Debug|Any CPU
		Release|Any CPU = Release|Any CPU
	EndGlobalSection
	GlobalSection(ProjectConfigurationPlatforms) = postSolution
		{222EDCD1-A39B-4E53-B0AE-861B0C11C0F6}.Debug|Any CPU.ActiveCfg = Debug|Any CPU
		{222EDCD1-A39B-4E53-B0AE-861B0C11C0F6}.Debug|Any CPU.Build.0 = Debug|Any CPU
		{222EDCD1-A39B-4E53-B0AE-861B0C11C0F6}.Release|Any CPU.ActiveCfg = Release|Any CPU
		{222EDCD1-A39B-4E53-B0AE-861B0C11C0F6}.Release|Any CPU.Build.0 = Release|Any CPU
		{8A41EDBD-951B-4869-854F-80793AD6C5EF}.Debug|Any CPU.ActiveCfg = Debug|Any CPU
		{8A41EDBD-951B-4869-854F-80793AD6C5EF}.Debug|Any CPU.Build.0 = Debug|Any CPU
		{8A41EDBD-951B-4869-854F-80793AD6C5EF}.Release|Any CPU.ActiveCfg = Release|Any CPU
		{8A41EDBD-951B-4869-854F-80793AD6C5EF}.Release|Any CPU.Build.0 = Release|Any CPU
		{C1305030-67A1-4066-B2A7-08793600EA36}.Debug|Any CPU.ActiveCfg = Debug|Any CPU
		{C1305030-67A1-4066-B2A7-08793600EA36}.Debug|Any CPU.Build.0 = Debug|Any CPU
		{C1305030-67A1-4066-B2A7-08793600EA36}.Release|Any CPU.ActiveCfg = Release|Any CPU
		{C1305030-67A1-4066-B2A7-08793600EA36}.Release|Any CPU.Build.0 = Release|Any CPU
		{28DCEAE4-EBC7-495B-93A3-7C1EB67D998B}.Debug|Any CPU.ActiveCfg = Debug|Any CPU
		{28DCEAE4-EBC7-495B-93A3-7C1EB67D998B}.Debug|Any CPU.Build.0 = Debug|Any CPU
		{28DCEAE4-EBC7-495B-93A3-7C1EB67D998B}.Release|Any CPU.ActiveCfg = Release|Any CPU
		{28DCEAE4-EBC7-495B-93A3-7C1EB67D998B}.Release|Any CPU.Build.0 = Release|Any CPU
	EndGlobalSection
	GlobalSection(SolutionProperties) = preSolution
		HideSolutionNode = FALSE
	EndGlobalSection
EndGlobal
